
Microsoft Visual Studio Solution File, Format Version 12.00
# Visual Studio Version 16
VisualStudioVersion = 16.0.31129.286
MinimumVisualStudioVersion = 10.0.40219.1
Project("{FAE04EC0-301F-11D3-BF4B-00C04F79EFBC}") = "LeduriArduino", "LeduriArduino\LeduriArduino.csproj", "{2841FA58-4CF8-4193-920B-5F84FA9E8E4B}"
EndProject
Global
	GlobalSection(SolutionConfigurationPlatforms) = preSolution
		Debug|Any CPU = Debug|Any CPU
		Release|Any CPU = Release|Any CPU
	EndGlobalSection
	GlobalSection(ProjectConfigurationPlatforms) = postSolution
		{2841FA58-4CF8-4193-920B-5F84FA9E8E4B}.Debug|Any CPU.ActiveCfg = Debug|Any CPU
		{2841FA58-4CF8-4193-920B-5F84FA9E8E4B}.Debug|Any CPU.Build.0 = Debug|Any CPU
		{2841FA58-4CF8-4193-920B-5F84FA9E8E4B}.Release|Any CPU.ActiveCfg = Release|Any CPU
		{2841FA58-4CF8-4193-920B-5F84FA9E8E4B}.Release|Any CPU.Build.0 = Release|Any CPU
	EndGlobalSection
	GlobalSection(SolutionProperties) = preSolution
		HideSolutionNode = FALSE
	EndGlobalSection
	GlobalSection(ExtensibilityGlobals) = postSolution
		SolutionGuid = {7CC2164A-42D9-4B07-96F8-2466824E565C}
	EndGlobalSection
EndGlobal
